schema: '2.0'
stages:
  preprocess:
    cmd: python src/preprocess.py
    deps:
    - path: src/preprocess.py
      hash: md5
      md5: f31fd12261ae316130d9f052dc7d0cf0
      size: 4403
    outs:
    - path: data/test.csv
      hash: md5
      md5: 3cbd896d3aec842064adf630cb2991bc
      size: 562608
    - path: data/train.csv
      hash: md5
      md5: b596e3894cbec5150239212461fc4eab
      size: 2250556
